
Microsoft Visual Studio Solution File, Format Version 12.00
# Visual Studio Version 17
VisualStudioVersion = 17.9.34607.119
MinimumVisualStudioVersion = 10.0.40219.1
Project("{FAE04EC0-301F-11D3-BF4B-00C04F79EFBC}") = "ClassAndObject", "ClassAndObject\ClassAndObject.csproj", "{0F2B337A-CA0B-4C0D-9F77-5E8C0F2B3EF5}"
EndProject
Global
	GlobalSection(SolutionConfigurationPlatforms) = preSolution
		Debug|Any CPU = Debug|Any CPU
		Release|Any CPU = Release|Any CPU
	EndGlobalSection
	GlobalSection(ProjectConfigurationPlatforms) = postSolution
		{0F2B337A-CA0B-4C0D-9F77-5E8C0F2B3EF5}.Debug|Any CPU.ActiveCfg = Debug|Any CPU
		{0F2B337A-CA0B-4C0D-9F77-5E8C0F2B3EF5}.Debug|Any CPU.Build.0 = Debug|Any CPU
		{0F2B337A-CA0B-4C0D-9F77-5E8C0F2B3EF5}.Release|Any CPU.ActiveCfg = Release|Any CPU
		{0F2B337A-CA0B-4C0D-9F77-5E8C0F2B3EF5}.Release|Any CPU.Build.0 = Release|Any CPU
	EndGlobalSection
	GlobalSection(SolutionProperties) = preSolution
		HideSolutionNode = FALSE
	EndGlobalSection
	GlobalSection(ExtensibilityGlobals) = postSolution
		SolutionGuid = {D9AA920F-9DBF-4332-BB80-D0F7949CA0EA}
	EndGlobalSection
EndGlobal
