
Microsoft Visual Studio Solution File, Format Version 12.00
# Visual Studio Version 17
VisualStudioVersion = 17.9.34607.119
MinimumVisualStudioVersion = 10.0.40219.1
Project("{FAE04EC0-301F-11D3-BF4B-00C04F79EFBC}") = "CoreDbFirstDemo", "CoreDbFirstDemo\CoreDbFirstDemo.csproj", "{AC4A9B29-4CFA-4DE3-8995-C0498F5165F3}"
EndProject
Global
	GlobalSection(SolutionConfigurationPlatforms) = preSolution
		Debug|Any CPU = Debug|Any CPU
		Release|Any CPU = Release|Any CPU
	EndGlobalSection
	GlobalSection(ProjectConfigurationPlatforms) = postSolution
		{AC4A9B29-4CFA-4DE3-8995-C0498F5165F3}.Debug|Any CPU.ActiveCfg = Debug|Any CPU
		{AC4A9B29-4CFA-4DE3-8995-C0498F5165F3}.Debug|Any CPU.Build.0 = Debug|Any CPU
		{AC4A9B29-4CFA-4DE3-8995-C0498F5165F3}.Release|Any CPU.ActiveCfg = Release|Any CPU
		{AC4A9B29-4CFA-4DE3-8995-C0498F5165F3}.Release|Any CPU.Build.0 = Release|Any CPU
	EndGlobalSection
	GlobalSection(SolutionProperties) = preSolution
		HideSolutionNode = FALSE
	EndGlobalSection
	GlobalSection(ExtensibilityGlobals) = postSolution
		SolutionGuid = {2C62B257-072A-47AC-A41B-3C2C8E58E409}
	EndGlobalSection
EndGlobal
