
Microsoft Visual Studio Solution File, Format Version 12.00
# Visual Studio Version 17
VisualStudioVersion = 17.9.34607.119
MinimumVisualStudioVersion = 10.0.40219.1
Project("{FAE04EC0-301F-11D3-BF4B-00C04F79EFBC}") = "AlbumsWebApp", "AlbumsWebApp\AlbumsWebApp.csproj", "{C6A4E0E6-6437-4E5F-B995-D4A7A847C89C}"
EndProject
Project("{FAE04EC0-301F-11D3-BF4B-00C04F79EFBC}") = "PhotoSharingApplication", "PhotoSharingApplication\PhotoSharingApplication.csproj", "{FFB7C9DE-4C42-4C3A-A4DA-9A02A7BD2D12}"
EndProject
Global
	GlobalSection(SolutionConfigurationPlatforms) = preSolution
		Debug|Any CPU = Debug|Any CPU
		Release|Any CPU = Release|Any CPU
	EndGlobalSection
	GlobalSection(ProjectConfigurationPlatforms) = postSolution
		{C6A4E0E6-6437-4E5F-B995-D4A7A847C89C}.Debug|Any CPU.ActiveCfg = Debug|Any CPU
		{C6A4E0E6-6437-4E5F-B995-D4A7A847C89C}.Debug|Any CPU.Build.0 = Debug|Any CPU
		{C6A4E0E6-6437-4E5F-B995-D4A7A847C89C}.Release|Any CPU.ActiveCfg = Release|Any CPU
		{C6A4E0E6-6437-4E5F-B995-D4A7A847C89C}.Release|Any CPU.Build.0 = Release|Any CPU
		{FFB7C9DE-4C42-4C3A-A4DA-9A02A7BD2D12}.Debug|Any CPU.ActiveCfg = Debug|Any CPU
		{FFB7C9DE-4C42-4C3A-A4DA-9A02A7BD2D12}.Debug|Any CPU.Build.0 = Debug|Any CPU
		{FFB7C9DE-4C42-4C3A-A4DA-9A02A7BD2D12}.Release|Any CPU.ActiveCfg = Release|Any CPU
		{FFB7C9DE-4C42-4C3A-A4DA-9A02A7BD2D12}.Release|Any CPU.Build.0 = Release|Any CPU
	EndGlobalSection
	GlobalSection(SolutionProperties) = preSolution
		HideSolutionNode = FALSE
	EndGlobalSection
	GlobalSection(ExtensibilityGlobals) = postSolution
		SolutionGuid = {F4E0B835-0D2E-46B1-8D9F-4E327ED539E5}
	EndGlobalSection
EndGlobal
