
Microsoft Visual Studio Solution File, Format Version 12.00
# Visual Studio Version 17
VisualStudioVersion = 17.9.34607.119
MinimumVisualStudioVersion = 10.0.40219.1
Project("{FAE04EC0-301F-11D3-BF4B-00C04F79EFBC}") = "DelegatesDemo", "DelegatesDemo\DelegatesDemo.csproj", "{B640E062-42A7-4382-A0D1-DBF6D8E0641C}"
EndProject
Project("{FAE04EC0-301F-11D3-BF4B-00C04F79EFBC}") = "ThreadingDemo", "ThreadingDemo\ThreadingDemo.csproj", "{8E1A33C7-72A5-4864-8A73-867AFE22D9F8}"
EndProject
Project("{FAE04EC0-301F-11D3-BF4B-00C04F79EFBC}") = "8-Assignment", "8-Assignment\8-Assignment.csproj", "{DF91184A-CD3F-49F8-A57B-C6D802D5CEA3}"
EndProject
Global
	GlobalSection(SolutionConfigurationPlatforms) = preSolution
		Debug|Any CPU = Debug|Any CPU
		Release|Any CPU = Release|Any CPU
	EndGlobalSection
	GlobalSection(ProjectConfigurationPlatforms) = postSolution
		{B640E062-42A7-4382-A0D1-DBF6D8E0641C}.Debug|Any CPU.ActiveCfg = Debug|Any CPU
		{B640E062-42A7-4382-A0D1-DBF6D8E0641C}.Debug|Any CPU.Build.0 = Debug|Any CPU
		{B640E062-42A7-4382-A0D1-DBF6D8E0641C}.Release|Any CPU.ActiveCfg = Release|Any CPU
		{B640E062-42A7-4382-A0D1-DBF6D8E0641C}.Release|Any CPU.Build.0 = Release|Any CPU
		{8E1A33C7-72A5-4864-8A73-867AFE22D9F8}.Debug|Any CPU.ActiveCfg = Debug|Any CPU
		{8E1A33C7-72A5-4864-8A73-867AFE22D9F8}.Debug|Any CPU.Build.0 = Debug|Any CPU
		{8E1A33C7-72A5-4864-8A73-867AFE22D9F8}.Release|Any CPU.ActiveCfg = Release|Any CPU
		{8E1A33C7-72A5-4864-8A73-867AFE22D9F8}.Release|Any CPU.Build.0 = Release|Any CPU
		{DF91184A-CD3F-49F8-A57B-C6D802D5CEA3}.Debug|Any CPU.ActiveCfg = Debug|Any CPU
		{DF91184A-CD3F-49F8-A57B-C6D802D5CEA3}.Debug|Any CPU.Build.0 = Debug|Any CPU
		{DF91184A-CD3F-49F8-A57B-C6D802D5CEA3}.Release|Any CPU.ActiveCfg = Release|Any CPU
		{DF91184A-CD3F-49F8-A57B-C6D802D5CEA3}.Release|Any CPU.Build.0 = Release|Any CPU
	EndGlobalSection
	GlobalSection(SolutionProperties) = preSolution
		HideSolutionNode = FALSE
	EndGlobalSection
	GlobalSection(ExtensibilityGlobals) = postSolution
		SolutionGuid = {AA923004-89C6-4DA1-A5A8-BE213B26439E}
	EndGlobalSection
EndGlobal
