
Microsoft Visual Studio Solution File, Format Version 12.00
# Visual Studio Version 17
VisualStudioVersion = 17.9.34607.119
MinimumVisualStudioVersion = 10.0.40219.1
Project("{FAE04EC0-301F-11D3-BF4B-00C04F79EFBC}") = "AbstractionDemo", "AbstractionDemo\AbstractionDemo.csproj", "{330533AD-E0F7-4B79-8B60-60BC19D4C329}"
EndProject
Project("{FAE04EC0-301F-11D3-BF4B-00C04F79EFBC}") = "InterfaceDemo", "InterfaceDemo\InterfaceDemo.csproj", "{A6FCD747-8155-4473-B8AC-6497BB912171}"
EndProject
Project("{FAE04EC0-301F-11D3-BF4B-00C04F79EFBC}") = "EmuPassTryDemo", "EmuPassTryDemo\EmuPassTryDemo.csproj", "{CFBCB4B8-1F88-4C2D-ABA3-62F1F09F54C5}"
EndProject
Project("{FAE04EC0-301F-11D3-BF4B-00C04F79EFBC}") = "7-Assignments", "7-Assignments\7-Assignments.csproj", "{9718A138-5CC4-4A42-9978-F14919C3D030}"
EndProject
Global
	GlobalSection(SolutionConfigurationPlatforms) = preSolution
		Debug|Any CPU = Debug|Any CPU
		Release|Any CPU = Release|Any CPU
	EndGlobalSection
	GlobalSection(ProjectConfigurationPlatforms) = postSolution
		{330533AD-E0F7-4B79-8B60-60BC19D4C329}.Debug|Any CPU.ActiveCfg = Debug|Any CPU
		{330533AD-E0F7-4B79-8B60-60BC19D4C329}.Debug|Any CPU.Build.0 = Debug|Any CPU
		{330533AD-E0F7-4B79-8B60-60BC19D4C329}.Release|Any CPU.ActiveCfg = Release|Any CPU
		{330533AD-E0F7-4B79-8B60-60BC19D4C329}.Release|Any CPU.Build.0 = Release|Any CPU
		{A6FCD747-8155-4473-B8AC-6497BB912171}.Debug|Any CPU.ActiveCfg = Debug|Any CPU
		{A6FCD747-8155-4473-B8AC-6497BB912171}.Debug|Any CPU.Build.0 = Debug|Any CPU
		{A6FCD747-8155-4473-B8AC-6497BB912171}.Release|Any CPU.ActiveCfg = Release|Any CPU
		{A6FCD747-8155-4473-B8AC-6497BB912171}.Release|Any CPU.Build.0 = Release|Any CPU
		{CFBCB4B8-1F88-4C2D-ABA3-62F1F09F54C5}.Debug|Any CPU.ActiveCfg = Debug|Any CPU
		{CFBCB4B8-1F88-4C2D-ABA3-62F1F09F54C5}.Debug|Any CPU.Build.0 = Debug|Any CPU
		{CFBCB4B8-1F88-4C2D-ABA3-62F1F09F54C5}.Release|Any CPU.ActiveCfg = Release|Any CPU
		{CFBCB4B8-1F88-4C2D-ABA3-62F1F09F54C5}.Release|Any CPU.Build.0 = Release|Any CPU
		{9718A138-5CC4-4A42-9978-F14919C3D030}.Debug|Any CPU.ActiveCfg = Debug|Any CPU
		{9718A138-5CC4-4A42-9978-F14919C3D030}.Debug|Any CPU.Build.0 = Debug|Any CPU
		{9718A138-5CC4-4A42-9978-F14919C3D030}.Release|Any CPU.ActiveCfg = Release|Any CPU
		{9718A138-5CC4-4A42-9978-F14919C3D030}.Release|Any CPU.Build.0 = Release|Any CPU
	EndGlobalSection
	GlobalSection(SolutionProperties) = preSolution
		HideSolutionNode = FALSE
	EndGlobalSection
	GlobalSection(ExtensibilityGlobals) = postSolution
		SolutionGuid = {8B96254D-7E7B-4E11-B91A-995F57873AC6}
	EndGlobalSection
EndGlobal
