
Microsoft Visual Studio Solution File, Format Version 12.00
# Visual Studio Version 17
VisualStudioVersion = 17.9.34607.119
MinimumVisualStudioVersion = 10.0.40219.1
Project("{FAE04EC0-301F-11D3-BF4B-00C04F79EFBC}") = "1-Assignments", "1-Assignments\1-Assignments.csproj", "{B1EF5D5E-FACC-4E2D-A888-9AF2E4D57A34}"
EndProject
Global
	GlobalSection(SolutionConfigurationPlatforms) = preSolution
		Debug|Any CPU = Debug|Any CPU
		Release|Any CPU = Release|Any CPU
	EndGlobalSection
	GlobalSection(ProjectConfigurationPlatforms) = postSolution
		{B1EF5D5E-FACC-4E2D-A888-9AF2E4D57A34}.Debug|Any CPU.ActiveCfg = Debug|Any CPU
		{B1EF5D5E-FACC-4E2D-A888-9AF2E4D57A34}.Debug|Any CPU.Build.0 = Debug|Any CPU
		{B1EF5D5E-FACC-4E2D-A888-9AF2E4D57A34}.Release|Any CPU.ActiveCfg = Release|Any CPU
		{B1EF5D5E-FACC-4E2D-A888-9AF2E4D57A34}.Release|Any CPU.Build.0 = Release|Any CPU
	EndGlobalSection
	GlobalSection(SolutionProperties) = preSolution
		HideSolutionNode = FALSE
	EndGlobalSection
	GlobalSection(ExtensibilityGlobals) = postSolution
		SolutionGuid = {DC741958-3C89-4BC9-BB35-C5C8CEA01132}
	EndGlobalSection
EndGlobal
