
Microsoft Visual Studio Solution File, Format Version 12.00
# Visual Studio Version 17
VisualStudioVersion = 17.9.34607.119
MinimumVisualStudioVersion = 10.0.40219.1
Project("{FAE04EC0-301F-11D3-BF4B-00C04F79EFBC}") = "InheritanceDemo", "InheritanceDemo\InheritanceDemo.csproj", "{35FA5EA5-EAC5-43C4-8104-D6F6CD7AD1F4}"
EndProject
Project("{FAE04EC0-301F-11D3-BF4B-00C04F79EFBC}") = "AnotherProject", "AnotherProject\AnotherProject.csproj", "{593CC1C5-F5D7-4A94-BA18-4FC3A04DB44C}"
EndProject
Project("{FAE04EC0-301F-11D3-BF4B-00C04F79EFBC}") = "ConstructorChaining", "ConstructorChaining\ConstructorChaining.csproj", "{6D443C54-E38A-49BA-B5F7-D419B73FAD76}"
EndProject
Project("{FAE04EC0-301F-11D3-BF4B-00C04F79EFBC}") = "6-assignments", "6-assignments\6-assignments.csproj", "{9FCC4852-95BE-4B40-827E-0CA68FC59D0A}"
EndProject
Global
	GlobalSection(SolutionConfigurationPlatforms) = preSolution
		Debug|Any CPU = Debug|Any CPU
		Release|Any CPU = Release|Any CPU
	EndGlobalSection
	GlobalSection(ProjectConfigurationPlatforms) = postSolution
		{35FA5EA5-EAC5-43C4-8104-D6F6CD7AD1F4}.Debug|Any CPU.ActiveCfg = Debug|Any CPU
		{35FA5EA5-EAC5-43C4-8104-D6F6CD7AD1F4}.Debug|Any CPU.Build.0 = Debug|Any CPU
		{35FA5EA5-EAC5-43C4-8104-D6F6CD7AD1F4}.Release|Any CPU.ActiveCfg = Release|Any CPU
		{35FA5EA5-EAC5-43C4-8104-D6F6CD7AD1F4}.Release|Any CPU.Build.0 = Release|Any CPU
		{593CC1C5-F5D7-4A94-BA18-4FC3A04DB44C}.Debug|Any CPU.ActiveCfg = Debug|Any CPU
		{593CC1C5-F5D7-4A94-BA18-4FC3A04DB44C}.Debug|Any CPU.Build.0 = Debug|Any CPU
		{593CC1C5-F5D7-4A94-BA18-4FC3A04DB44C}.Release|Any CPU.ActiveCfg = Release|Any CPU
		{593CC1C5-F5D7-4A94-BA18-4FC3A04DB44C}.Release|Any CPU.Build.0 = Release|Any CPU
		{6D443C54-E38A-49BA-B5F7-D419B73FAD76}.Debug|Any CPU.ActiveCfg = Debug|Any CPU
		{6D443C54-E38A-49BA-B5F7-D419B73FAD76}.Debug|Any CPU.Build.0 = Debug|Any CPU
		{6D443C54-E38A-49BA-B5F7-D419B73FAD76}.Release|Any CPU.ActiveCfg = Release|Any CPU
		{6D443C54-E38A-49BA-B5F7-D419B73FAD76}.Release|Any CPU.Build.0 = Release|Any CPU
		{9FCC4852-95BE-4B40-827E-0CA68FC59D0A}.Debug|Any CPU.ActiveCfg = Debug|Any CPU
		{9FCC4852-95BE-4B40-827E-0CA68FC59D0A}.Debug|Any CPU.Build.0 = Debug|Any CPU
		{9FCC4852-95BE-4B40-827E-0CA68FC59D0A}.Release|Any CPU.ActiveCfg = Release|Any CPU
		{9FCC4852-95BE-4B40-827E-0CA68FC59D0A}.Release|Any CPU.Build.0 = Release|Any CPU
	EndGlobalSection
	GlobalSection(SolutionProperties) = preSolution
		HideSolutionNode = FALSE
	EndGlobalSection
	GlobalSection(ExtensibilityGlobals) = postSolution
		SolutionGuid = {5E03040A-7A01-4885-AACE-76FB4763AC08}
	EndGlobalSection
EndGlobal
