
Microsoft Visual Studio Solution File, Format Version 12.00
# Visual Studio Version 17
VisualStudioVersion = 17.9.34607.119
MinimumVisualStudioVersion = 10.0.40219.1
Project("{9A19103F-16F7-4668-BE54-9A1E7A4F7556}") = "MigretionRoutingDemo", "MigretionRoutingDemo\MigretionRoutingDemo.csproj", "{4DE311DD-30C3-4FCE-B228-043F9D95F07B}"
EndProject
Project("{FAE04EC0-301F-11D3-BF4B-00C04F79EFBC}") = "17-Assignments", "17-Assignments\17-Assignments.csproj", "{27CD8C99-10F9-4464-A23F-5D9049C827EA}"
EndProject
Global
	GlobalSection(SolutionConfigurationPlatforms) = preSolution
		Debug|Any CPU = Debug|Any CPU
		Release|Any CPU = Release|Any CPU
	EndGlobalSection
	GlobalSection(ProjectConfigurationPlatforms) = postSolution
		{4DE311DD-30C3-4FCE-B228-043F9D95F07B}.Debug|Any CPU.ActiveCfg = Debug|Any CPU
		{4DE311DD-30C3-4FCE-B228-043F9D95F07B}.Debug|Any CPU.Build.0 = Debug|Any CPU
		{4DE311DD-30C3-4FCE-B228-043F9D95F07B}.Release|Any CPU.ActiveCfg = Release|Any CPU
		{4DE311DD-30C3-4FCE-B228-043F9D95F07B}.Release|Any CPU.Build.0 = Release|Any CPU
		{27CD8C99-10F9-4464-A23F-5D9049C827EA}.Debug|Any CPU.ActiveCfg = Debug|Any CPU
		{27CD8C99-10F9-4464-A23F-5D9049C827EA}.Debug|Any CPU.Build.0 = Debug|Any CPU
		{27CD8C99-10F9-4464-A23F-5D9049C827EA}.Release|Any CPU.ActiveCfg = Release|Any CPU
		{27CD8C99-10F9-4464-A23F-5D9049C827EA}.Release|Any CPU.Build.0 = Release|Any CPU
	EndGlobalSection
	GlobalSection(SolutionProperties) = preSolution
		HideSolutionNode = FALSE
	EndGlobalSection
	GlobalSection(ExtensibilityGlobals) = postSolution
		SolutionGuid = {7CA67F54-BF9F-48E1-B40C-232D66682456}
	EndGlobalSection
EndGlobal
