
Microsoft Visual Studio Solution File, Format Version 12.00
# Visual Studio Version 17
VisualStudioVersion = 17.9.34607.119
MinimumVisualStudioVersion = 10.0.40219.1
Project("{FAE04EC0-301F-11D3-BF4B-00C04F79EFBC}") = "CollectionsDemo", "CollectionsDemo\CollectionsDemo.csproj", "{1AAC83BE-8184-41F7-9F19-3080471D62D8}"
EndProject
Project("{FAE04EC0-301F-11D3-BF4B-00C04F79EFBC}") = "5-Assignments", "5-Assignments\5-Assignments.csproj", "{CEC50B29-D116-400E-8B36-D5E15399241B}"
EndProject
Global
	GlobalSection(SolutionConfigurationPlatforms) = preSolution
		Debug|Any CPU = Debug|Any CPU
		Release|Any CPU = Release|Any CPU
	EndGlobalSection
	GlobalSection(ProjectConfigurationPlatforms) = postSolution
		{1AAC83BE-8184-41F7-9F19-3080471D62D8}.Debug|Any CPU.ActiveCfg = Debug|Any CPU
		{1AAC83BE-8184-41F7-9F19-3080471D62D8}.Debug|Any CPU.Build.0 = Debug|Any CPU
		{1AAC83BE-8184-41F7-9F19-3080471D62D8}.Release|Any CPU.ActiveCfg = Release|Any CPU
		{1AAC83BE-8184-41F7-9F19-3080471D62D8}.Release|Any CPU.Build.0 = Release|Any CPU
		{CEC50B29-D116-400E-8B36-D5E15399241B}.Debug|Any CPU.ActiveCfg = Debug|Any CPU
		{CEC50B29-D116-400E-8B36-D5E15399241B}.Debug|Any CPU.Build.0 = Debug|Any CPU
		{CEC50B29-D116-400E-8B36-D5E15399241B}.Release|Any CPU.ActiveCfg = Release|Any CPU
		{CEC50B29-D116-400E-8B36-D5E15399241B}.Release|Any CPU.Build.0 = Release|Any CPU
	EndGlobalSection
	GlobalSection(SolutionProperties) = preSolution
		HideSolutionNode = FALSE
	EndGlobalSection
	GlobalSection(ExtensibilityGlobals) = postSolution
		SolutionGuid = {C56C0BB6-6298-4E1E-BA50-851B5C13EE6C}
	EndGlobalSection
EndGlobal
